
Microsoft Visual Studio Solution File, Format Version 12.00
# Visual Studio Version 16
VisualStudioVersion = 16.0.32407.337
MinimumVisualStudioVersion = 10.0.40219.1
Project("{8BC9CEB8-8B4A-11D0-8D11-00A0C91BC942}") = "Project41", "Project41\Project41.vcxproj", "{40ABD8EF-6B45-4BCA-B98A-891E6BBF7D12}"
EndProject
Global
	GlobalSection(SolutionConfigurationPlatforms) = preSolution
		Debug|x64 = Debug|x64
		Debug|x86 = Debug|x86
		Release|x64 = Release|x64
		Release|x86 = Release|x86
	EndGlobalSection
	GlobalSection(ProjectConfigurationPlatforms) = postSolution
		{40ABD8EF-6B45-4BCA-B98A-891E6BBF7D12}.Debug|x64.ActiveCfg = Debug|x64
		{40ABD8EF-6B45-4BCA-B98A-891E6BBF7D12}.Debug|x64.Build.0 = Debug|x64
		{40ABD8EF-6B45-4BCA-B98A-891E6BBF7D12}.Debug|x86.ActiveCfg = Debug|Win32
		{40ABD8EF-6B45-4BCA-B98A-891E6BBF7D12}.Debug|x86.Build.0 = Debug|Win32
		{40ABD8EF-6B45-4BCA-B98A-891E6BBF7D12}.Release|x64.ActiveCfg = Release|x64
		{40ABD8EF-6B45-4BCA-B98A-891E6BBF7D12}.Release|x64.Build.0 = Release|x64
		{40ABD8EF-6B45-4BCA-B98A-891E6BBF7D12}.Release|x86.ActiveCfg = Release|Win32
		{40ABD8EF-6B45-4BCA-B98A-891E6BBF7D12}.Release|x86.Build.0 = Release|Win32
	EndGlobalSection
	GlobalSection(SolutionProperties) = preSolution
		HideSolutionNode = FALSE
	EndGlobalSection
	GlobalSection(ExtensibilityGlobals) = postSolution
		SolutionGuid = {B4F32075-9E9F-4EED-B5B8-0E24CC5C4CE3}
	EndGlobalSection
EndGlobal
