
Microsoft Visual Studio Solution File, Format Version 12.00
# Visual Studio Version 16
VisualStudioVersion = 16.0.32407.337
MinimumVisualStudioVersion = 10.0.40219.1
Project("{8BC9CEB8-8B4A-11D0-8D11-00A0C91BC942}") = "Project54", "Project54\Project54.vcxproj", "{C0D6770C-AD84-4CF9-AE5B-19EE1F53A7DF}"
EndProject
Project("{8BC9CEB8-8B4A-11D0-8D11-00A0C91BC942}") = "Project1", "Project1\Project1.vcxproj", "{19EB2D8B-EFB2-4A08-8588-B795D50A50DF}"
EndProject
Global
	GlobalSection(SolutionConfigurationPlatforms) = preSolution
		Debug|x64 = Debug|x64
		Debug|x86 = Debug|x86
		Release|x64 = Release|x64
		Release|x86 = Release|x86
	EndGlobalSection
	GlobalSection(ProjectConfigurationPlatforms) = postSolution
		{C0D6770C-AD84-4CF9-AE5B-19EE1F53A7DF}.Debug|x64.ActiveCfg = Debug|x64
		{C0D6770C-AD84-4CF9-AE5B-19EE1F53A7DF}.Debug|x64.Build.0 = Debug|x64
		{C0D6770C-AD84-4CF9-AE5B-19EE1F53A7DF}.Debug|x86.ActiveCfg = Debug|Win32
		{C0D6770C-AD84-4CF9-AE5B-19EE1F53A7DF}.Debug|x86.Build.0 = Debug|Win32
		{C0D6770C-AD84-4CF9-AE5B-19EE1F53A7DF}.Release|x64.ActiveCfg = Release|x64
		{C0D6770C-AD84-4CF9-AE5B-19EE1F53A7DF}.Release|x64.Build.0 = Release|x64
		{C0D6770C-AD84-4CF9-AE5B-19EE1F53A7DF}.Release|x86.ActiveCfg = Release|Win32
		{C0D6770C-AD84-4CF9-AE5B-19EE1F53A7DF}.Release|x86.Build.0 = Release|Win32
		{19EB2D8B-EFB2-4A08-8588-B795D50A50DF}.Debug|x64.ActiveCfg = Debug|x64
		{19EB2D8B-EFB2-4A08-8588-B795D50A50DF}.Debug|x64.Build.0 = Debug|x64
		{19EB2D8B-EFB2-4A08-8588-B795D50A50DF}.Debug|x86.ActiveCfg = Debug|Win32
		{19EB2D8B-EFB2-4A08-8588-B795D50A50DF}.Debug|x86.Build.0 = Debug|Win32
		{19EB2D8B-EFB2-4A08-8588-B795D50A50DF}.Release|x64.ActiveCfg = Release|x64
		{19EB2D8B-EFB2-4A08-8588-B795D50A50DF}.Release|x64.Build.0 = Release|x64
		{19EB2D8B-EFB2-4A08-8588-B795D50A50DF}.Release|x86.ActiveCfg = Release|Win32
		{19EB2D8B-EFB2-4A08-8588-B795D50A50DF}.Release|x86.Build.0 = Release|Win32
	EndGlobalSection
	GlobalSection(SolutionProperties) = preSolution
		HideSolutionNode = FALSE
	EndGlobalSection
	GlobalSection(ExtensibilityGlobals) = postSolution
		SolutionGuid = {AEA9C5AD-4807-4A4F-94CE-C480AD7FDBF8}
	EndGlobalSection
EndGlobal
